
Microsoft Visual Studio Solution File, Format Version 12.00
# Visual Studio Version 16
VisualStudioVersion = 16.0.30717.126
MinimumVisualStudioVersion = 10.0.40219.1
Project("{9A19103F-16F7-4668-BE54-9A1E7A4F7556}") = "Example", "Example\Example.csproj", "{40C4475D-BF5F-48F0-B3E2-7B7491EC72F8}"
EndProject
Project("{FAE04EC0-301F-11D3-BF4B-00C04F79EFBC}") = "Crawler.Net", "Crawler.Net\Crawler.Net.csproj", "{59ACCEAF-E5C6-4764-8B1C-66879A15AA7E}"
EndProject
Global
	GlobalSection(SolutionConfigurationPlatforms) = preSolution
		Debug|Any CPU = Debug|Any CPU
		Release|Any CPU = Release|Any CPU
	EndGlobalSection
	GlobalSection(ProjectConfigurationPlatforms) = postSolution
		{40C4475D-BF5F-48F0-B3E2-7B7491EC72F8}.Debug|Any CPU.ActiveCfg = Debug|Any CPU
		{40C4475D-BF5F-48F0-B3E2-7B7491EC72F8}.Debug|Any CPU.Build.0 = Debug|Any CPU
		{40C4475D-BF5F-48F0-B3E2-7B7491EC72F8}.Release|Any CPU.ActiveCfg = Release|Any CPU
		{40C4475D-BF5F-48F0-B3E2-7B7491EC72F8}.Release|Any CPU.Build.0 = Release|Any CPU
		{59ACCEAF-E5C6-4764-8B1C-66879A15AA7E}.Debug|Any CPU.ActiveCfg = Debug|Any CPU
		{59ACCEAF-E5C6-4764-8B1C-66879A15AA7E}.Debug|Any CPU.Build.0 = Debug|Any CPU
		{59ACCEAF-E5C6-4764-8B1C-66879A15AA7E}.Release|Any CPU.ActiveCfg = Release|Any CPU
		{59ACCEAF-E5C6-4764-8B1C-66879A15AA7E}.Release|Any CPU.Build.0 = Release|Any CPU
	EndGlobalSection
	GlobalSection(SolutionProperties) = preSolution
		HideSolutionNode = FALSE
	EndGlobalSection
	GlobalSection(ExtensibilityGlobals) = postSolution
		SolutionGuid = {B25AAC4F-B592-41B3-A383-25C6705F2678}
	EndGlobalSection
EndGlobal
